{
  "name": "suttacentral",
  "version": "1.0.0",
  "lockfileVersion": 1,
  "requires": true,
  "dependencies": {
    "broquire": {
      "version": "1.0.0",
      "resolved": "https://registry.npmjs.org/broquire/-/broquire-1.0.0.tgz",
      "integrity": "sha1-OUcOR3nilcVggbxTQxBlhpPBSW4=",
      "requires": {
        "is-browser": "2.0.1"
      }
    },
    "is-browser": {
      "version": "2.0.1",
      "resolved": "https://registry.npmjs.org/is-browser/-/is-browser-2.0.1.tgz",
      "integrity": "sha1-i/C695mpxi/Z3lvO5M8zl8PnUpo="
    },
    "is-string": {
      "version": "1.0.4",
      "resolved": "https://registry.npmjs.org/is-string/-/is-string-1.0.4.tgz",
      "integrity": "sha1-zDqbaYV9Yh6WNyWiTK7shzuCbmQ="
    },
    "js-tokens": {
      "version": "3.0.2",
      "resolved": "https://registry.npmjs.org/js-tokens/-/js-tokens-3.0.2.tgz",
      "integrity": "sha1-mGbfOVECEw449/mWvOtlRDIJwls="
    },
    "languages": {
      "version": "0.1.3",
      "resolved": "https://registry.npmjs.org/languages/-/languages-0.1.3.tgz",
      "integrity": "sha1-8ZJzuw6Uas0t6xDAfHUO4Si91LA="
    },
    "limited-request-queue": {
      "version": "3.0.4",
      "resolved": "https://registry.npmjs.org/limited-request-queue/-/limited-request-queue-3.0.4.tgz",
      "integrity": "sha1-6Ix98i2YumLA2E1UFRZjjmu6frw=",
      "requires": {
        "broquire": "1.0.0",
        "is-string": "1.0.4",
        "parse-domain": "0.2.2",
        "whatwg-url": "3.1.0"
      }
    },
    "lodash": {
      "version": "4.17.4",
      "resolved": "https://registry.npmjs.org/lodash/-/lodash-4.17.4.tgz",
      "integrity": "sha1-eCA6TRwyiuHYbcpkYONptX9AVa4="
    },
    "lodash-es": {
      "version": "4.17.4",
      "resolved": "https://registry.npmjs.org/lodash-es/-/lodash-es-4.17.4.tgz",
      "integrity": "sha1-3MHXVS4VCgZABzupyzHXDwMpUOc="
    },
    "loose-envify": {
      "version": "1.3.1",
      "resolved": "https://registry.npmjs.org/loose-envify/-/loose-envify-1.3.1.tgz",
      "integrity": "sha1-0aitM/qc4OcT1l/dCsi3SNR4yEg=",
      "requires": {
        "js-tokens": "3.0.2"
      }
    },
    "parse-domain": {
      "version": "0.2.2",
      "resolved": "https://registry.npmjs.org/parse-domain/-/parse-domain-0.2.2.tgz",
      "integrity": "sha1-GImJseLnOYv/PE9P19yhV+tR+sE="
    },
    "redux": {
      "version": "3.7.2",
      "resolved": "https://registry.npmjs.org/redux/-/redux-3.7.2.tgz",
      "integrity": "sha512-pNqnf9q1hI5HHZRBkj3bAngGZW/JMCmexDlOxw4XagXY2o1327nHH54LoTjiPJ0gizoqPDRqWyX/00g0hD6w+A==",
      "requires": {
        "lodash": "4.17.4",
        "lodash-es": "4.17.4",
        "loose-envify": "1.3.1",
        "symbol-observable": "1.0.4"
      }
    },
    "symbol-observable": {
      "version": "1.0.4",
      "resolved": "https://registry.npmjs.org/symbol-observable/-/symbol-observable-1.0.4.tgz",
      "integrity": "sha1-Kb9hXUqnEhvdiYsi1LP5vE4qoD0="
    },
    "tr46": {
      "version": "0.0.3",
      "resolved": "https://registry.npmjs.org/tr46/-/tr46-0.0.3.tgz",
      "integrity": "sha1-gYT9NH2snNwYWZLzpmIuFLnZq2o="
    },
    "viewerjs": {
      "version": "0.10.0",
      "resolved": "https://registry.npmjs.org/viewerjs/-/viewerjs-0.10.0.tgz",
      "integrity": "sha1-Le090/q2MhrS13RrxGWynB2lGEs="
    },
    "webidl-conversions": {
      "version": "3.0.1",
      "resolved": "https://registry.npmjs.org/webidl-conversions/-/webidl-conversions-3.0.1.tgz",
      "integrity": "sha1-JFNCdeKnvGvnvIZhHMFq4KVlSHE="
    },
    "whatwg-url": {
      "version": "3.1.0",
      "resolved": "https://registry.npmjs.org/whatwg-url/-/whatwg-url-3.1.0.tgz",
      "integrity": "sha1-e9yuSQ+SGu9kUftnOexrvY6Qe/Y=",
      "requires": {
        "tr46": "0.0.3",
        "webidl-conversions": "3.0.1"
      }
    },
    "workbox-sw": {
      "version": "2.1.2",
      "resolved": "https://registry.npmjs.org/workbox-sw/-/workbox-sw-2.1.2.tgz",
      "integrity": "sha512-ZGOM57FWD4mnH7qCSQS7XCPX4RzuyUpqb67j68jw4/VNAmGt/1/hq63Md8N++B3tj5dulgGGDC4EBTU2LpPkIg=="
    }
  }
}
