{
  "name": "suttacentral",
  "version": "1.0.0",
  "lockfileVersion": 1,
  "requires": true,
  "dependencies": {
    "js-tokens": {
      "version": "3.0.2",
      "resolved": "https://registry.npmjs.org/js-tokens/-/js-tokens-3.0.2.tgz",
      "integrity": "sha1-mGbfOVECEw449/mWvOtlRDIJwls="
    },
    "languages": {
      "version": "0.1.3",
      "resolved": "https://registry.npmjs.org/languages/-/languages-0.1.3.tgz",
      "integrity": "sha1-8ZJzuw6Uas0t6xDAfHUO4Si91LA="
    },
    "lodash": {
      "version": "4.17.4",
      "resolved": "https://registry.npmjs.org/lodash/-/lodash-4.17.4.tgz",
      "integrity": "sha1-eCA6TRwyiuHYbcpkYONptX9AVa4="
    },
    "lodash-es": {
      "version": "4.17.4",
      "resolved": "https://registry.npmjs.org/lodash-es/-/lodash-es-4.17.4.tgz",
      "integrity": "sha1-3MHXVS4VCgZABzupyzHXDwMpUOc="
    },
    "loose-envify": {
      "version": "1.3.1",
      "resolved": "https://registry.npmjs.org/loose-envify/-/loose-envify-1.3.1.tgz",
      "integrity": "sha1-0aitM/qc4OcT1l/dCsi3SNR4yEg=",
      "requires": {
        "js-tokens": "3.0.2"
      }
    },
    "magic-fetch": {
      "version": "0.2.3",
      "resolved": "https://registry.npmjs.org/magic-fetch/-/magic-fetch-0.2.3.tgz",
      "integrity": "sha1-GClZ+9qsqpyM0mWRcerov568/ao="
    },
    "redux": {
      "version": "3.7.2",
      "resolved": "https://registry.npmjs.org/redux/-/redux-3.7.2.tgz",
      "integrity": "sha512-pNqnf9q1hI5HHZRBkj3bAngGZW/JMCmexDlOxw4XagXY2o1327nHH54LoTjiPJ0gizoqPDRqWyX/00g0hD6w+A==",
      "requires": {
        "lodash": "4.17.4",
        "lodash-es": "4.17.4",
        "loose-envify": "1.3.1",
        "symbol-observable": "1.0.4"
      }
    },
    "symbol-observable": {
      "version": "1.0.4",
      "resolved": "https://registry.npmjs.org/symbol-observable/-/symbol-observable-1.0.4.tgz",
      "integrity": "sha1-Kb9hXUqnEhvdiYsi1LP5vE4qoD0="
    },
    "viewerjs": {
      "version": "0.10.0",
      "resolved": "https://registry.npmjs.org/viewerjs/-/viewerjs-0.10.0.tgz",
      "integrity": "sha1-Le090/q2MhrS13RrxGWynB2lGEs="
    },
    "workbox-sw": {
      "version": "2.1.2",
      "resolved": "https://registry.npmjs.org/workbox-sw/-/workbox-sw-2.1.2.tgz",
      "integrity": "sha512-ZGOM57FWD4mnH7qCSQS7XCPX4RzuyUpqb67j68jw4/VNAmGt/1/hq63Md8N++B3tj5dulgGGDC4EBTU2LpPkIg=="
    }
  }
}
