{
  "requires": true,
  "lockfileVersion": 1,
  "dependencies": {
    "viewerjs": {
      "version": "0.10.0",
      "resolved": "https://registry.npmjs.org/viewerjs/-/viewerjs-0.10.0.tgz",
      "integrity": "sha512-bNx8kfK561QilHXlqGPiOIDvr5v1bitElz7SYvHdYK9y+OnlzULsxX0zNRFrFiwWALmvGWAoHmWRCH7MBxRAGw=="
    }
  }
}
