{
    "_meta": {
        "hash": {
            "sha256": "1d3ff5d0702cc8291d5f39a1bb8a3a20a641f5373858d6f2473294c5833e4e7d"
        },
        "host-environment-markers": {
            "implementation_name": "cpython",
            "implementation_version": "3.6.3",
            "os_name": "posix",
            "platform_machine": "x86_64",
            "platform_python_implementation": "CPython",
            "platform_release": "4.13.0-25-generic",
            "platform_system": "Linux",
            "platform_version": "#29-Ubuntu SMP Mon Jan 8 21:14:41 UTC 2018",
            "python_full_version": "3.6.3",
            "python_version": "3.6",
            "sys_platform": "linux"
        },
        "pipfile-spec": 6,
        "requires": {
            "python_version": "3.6"
        },
        "sources": [
            {
                "name": "pypi",
                "url": "https://pypi.python.org/simple",
                "verify_ssl": true
            }
        ]
    },
    "default": {
        "selenium": {
            "hashes": [
                "sha256:5acb9cdbc2d1a7fbb3e16a8ce9246211cc371f0367ad9c6bc2273cca60a6b045",
                "sha256:9abd2dbd4a5e9b778483ce7e5adf1ea9364fcbc29da488e979213c825a1515d3"
            ],
            "version": "==3.8.1"
        }
    },
    "develop": {}
}
