{
    "_meta": {
        "hash": {
            "sha256": "95fae74b401e633f88b38f66cb42bfaf7b30aa49823dd0b0de03bda3f527e168"
        },
        "host-environment-markers": {
            "implementation_name": "cpython",
            "implementation_version": "3.6.3",
            "os_name": "posix",
            "platform_machine": "x86_64",
            "platform_python_implementation": "CPython",
            "platform_release": "4.13.0-25-generic",
            "platform_system": "Linux",
            "platform_version": "#29-Ubuntu SMP Mon Jan 8 21:14:41 UTC 2018",
            "python_full_version": "3.6.3",
            "python_version": "3.6",
            "sys_platform": "linux"
        },
        "pipfile-spec": 6,
        "requires": {
            "python_version": "3.6"
        },
        "sources": [
            {
                "name": "pypi",
                "url": "https://pypi.python.org/simple",
                "verify_ssl": true
            }
        ]
    },
    "default": {
        "babel": {
            "hashes": [
                "sha256:f20b2acd44f587988ff185d8949c3e208b4b3d5d20fcab7d91fe481ffa435528",
                "sha256:6007daf714d0cd5524bbe436e2d42b3c20e68da66289559341e48d2cd6d25811"
            ],
            "version": "==2.5.1"
        },
        "beautifulsoup4": {
            "hashes": [
                "sha256:7015e76bf32f1f574636c4288399a6de66ce08fb7b2457f628a8d70c0fbabb11",
                "sha256:11a9a27b7d3bddc6d86f59fb76afb70e921a25ac2d6cc55b40d072bd68435a76",
                "sha256:808b6ac932dccb0a4126558f7dfdcf41710dd44a4ef497a0bb59a77f9f078e89"
            ],
            "version": "==4.6.0"
        },
        "bleach": {
            "hashes": [
                "sha256:a6d9d5f5b7368c1689ad7f128af8e792beea23393688872b576c0271e6564a16",
                "sha256:b9522130003e4caedf4f00a39c120a906dcd4242329c1c8f621f5370203cbc30"
            ],
            "version": "==2.0.0"
        },
        "certifi": {
            "hashes": [
                "sha256:14131608ad2fd56836d33a71ee60fa1c82bc9d2c8d98b7bdbc631fe1b3cd1296",
                "sha256:edbc3f203427eef571f79a7692bb160a2b0f7ccaa31953e99bd17e307cf63f7d"
            ],
            "version": "==2018.1.18"
        },
        "chardet": {
            "hashes": [
                "sha256:fc323ffcaeaed0e0a02bf4d117757b98aed530d9ed4531e3e15460124c106691",
                "sha256:84ab92ed1c4d4f16916e05906b6b75a6c0fb5db821cc65e70cbd64a3e2a5eaae"
            ],
            "version": "==3.0.4"
        },
        "click": {
            "hashes": [
                "sha256:29f99fc6125fbc931b758dc053b3114e55c77a6e4c6c3a2674a2dc986016381d",
                "sha256:f15516df478d5a56180fbf80e68f206010e6d160fc39fa508b65e035fd75130b"
            ],
            "version": "==6.7"
        },
        "cssmin": {
            "hashes": [
                "sha256:e012f0cc8401efcf2620332339011564738ae32be8c84b2e43ce8beaec1067b6"
            ],
            "version": "==0.2.0"
        },
        "defusedxml": {
            "hashes": [
                "sha256:702a91ade2968a82beb0db1e0766a6a273f33d4616a6ce8cde475d8e09853b20",
                "sha256:24d7f2f94f7f3cb6061acb215685e5125fbcdc40a857eff9de22518820b0a4f4"
            ],
            "version": "==0.5.0"
        },
        "diff-match-patch": {
            "hashes": [
                "sha256:9dba5611fbf27893347349fd51cc1911cb403682a7163373adacc565d11e2e4c"
            ],
            "version": "==20121119"
        },
        "dirsync": {
            "hashes": [
                "sha256:6297938d5385f8202768a74bae87ff6faed2d799c0c6dbd717a194c667dd8dc1"
            ],
            "version": "==2.2.2"
        },
        "django": {
            "hashes": [
                "sha256:ffdc7e938391ae3c2ee8ff82e0b4444e4e6bb15c99d00770285233d42aaf33d6",
                "sha256:d4ef83bd326573c00972cb9429beb396d210341a636e4b816fc9b3f505c498bb"
            ],
            "version": "==1.10.8"
        },
        "django-allauth": {
            "hashes": [
                "sha256:ae64a80b49707c3d4d6aff52424f8e75fd636cebfdce0e88ffdcbf306f9f0a3d"
            ],
            "version": "==0.33.0"
        },
        "django-appconf": {
            "hashes": [
                "sha256:ddab987d14b26731352c01ee69c090a4ebfc9141ed223bef039d79587f22acd9",
                "sha256:6a4d9aea683b4c224d97ab8ee11ad2d29a37072c0c6c509896dd9857466fb261"
            ],
            "version": "==1.0.2"
        },
        "django-assets": {
            "hashes": [
                "sha256:c58c5bc698a8b40c624111bdb1549fa3f4695998c68327246d39d8b9dd010078"
            ],
            "version": "==0.12"
        },
        "django-bulk-update": {
            "hashes": [
                "sha256:49a403392ae05ea872494d74fb3dfa3515f8df5c07cc277c3dc94724c0ee6985",
                "sha256:5ab7ce8a65eac26d19143cc189c0f041d5c03b9d1b290ca240dc4f3d6aaeb337"
            ],
            "version": "==2.2.0"
        },
        "django-contact-form": {
            "hashes": [
                "sha256:1c3d9180f1397b434c5d84e42ca8ec895a67ef7f8a0fcfefd0ed47704e085bcd",
                "sha256:76b57af20f1085d1e3554d704c30ae0a7a4e02202da620020e83c938dc1d8513"
            ],
            "version": "==1.4.2"
        },
        "django-contrib-comments": {
            "hashes": [
                "sha256:d3d5ce0d87685a769a62bf229d4bcd091401ba4d5b22a3e6098786a6f8fd97ff",
                "sha256:c504ac3abb50175d5ddef7b98197d38e023508546f0ba8b173e0a5d2a2223e39"
            ],
            "version": "==1.7.3"
        },
        "django-overextends": {
            "hashes": [
                "sha256:e9c1082e384473ec03ab53821691d79a3f160fef43c15a0de44741b5e9430e4d",
                "sha256:f53bfcec62731d1b4811745616ddefa849faee98874b01bbabd794381cbb8261"
            ],
            "version": "==0.4.3"
        },
        "django-redis": {
            "hashes": [
                "sha256:9660332cf9de5689a7ebbe0c623c4a0de79e0916a6ae867b5d0b94759bba46c9",
                "sha256:5229da5b07ccb8d3e3e9ee098c0b7c03e20eba48634bc456697dd73d62c68b19"
            ],
            "version": "==4.8.0"
        },
        "django-rq": {
            "hashes": [
                "sha256:7cd517c3e243603c8e5b24bfc4797d57d751a4ba1b471124157e9822a83335a2",
                "sha256:368051f0a3ef08670dd186ea0202cbc7644e199fd48fd31eace2e637e915a7f7"
            ],
            "version": "==0.9.6"
        },
        "django-sortedm2m": {
            "hashes": [
                "sha256:52942b5295efcf252b6bbff58be70365d9f5d59d2e6d0f1bf9d9f2d0dbef4814"
            ],
            "version": "==1.5.0"
        },
        "django-statici18n": {
            "hashes": [
                "sha256:e2b9280afa3c5ce1d0978e33b90ad6d3a55effa0554b8da7bc7e7ccd3c3690f4",
                "sha256:3cb5334d42cfabda49c9c0efb1c24f5663e318ed34b3a34fada5195232f75f65"
            ],
            "version": "==1.4.0"
        },
        "faker": {
            "hashes": [
                "sha256:91c3e79db508f6e2b8ff3d3099fee0967c95ce02caa1f4028096641696336fc0",
                "sha256:9da4c829d5592202a614d2db3c3e05d17684f5b590b7dbd6d7e70dc1053213a6"
            ],
            "version": "==0.8.10"
        },
        "html5lib": {
            "hashes": [
                "sha256:20b159aa3badc9d5ee8f5c647e5efd02ed2a66ab8d354930bd9ff139fc1dc0a3",
                "sha256:66cb0dcfdbbc4f9c3ba1a63fdb511ffdbd4f513b2b6d81b80cd26ce6b3fb3736"
            ],
            "version": "==1.0.1"
        },
        "idna": {
            "hashes": [
                "sha256:8c7309c718f94b3a625cb648ace320157ad16ff131ae0af362c9f21b80ef6ec4",
                "sha256:2c6a5de3089009e3da7c5dde64a141dbc8551d5b7f6cf4ed7c2568d0cc520a8f"
            ],
            "version": "==2.6"
        },
        "jsonfield": {
            "hashes": [
                "sha256:a0a7fdee736ff049059409752b045281a225610fecbda9b9bd588ba976493c12",
                "sha256:beb1cd4850d6d6351c32daefcb826c01757744e9c863228a642f87a1a4acb834"
            ],
            "version": "==2.0.2"
        },
        "lxml": {
            "hashes": [
                "sha256:bd9f07e9aef9ff12f3a07d0a084001e983f4c32ea5b1143e1804762a58d22271",
                "sha256:3ae6d795aaef0d724e533e0383fe8877e6a25f8b22b3d61dd06b53ce12186165",
                "sha256:e54ca8cdd70079e7a3e2c061ef3703b2a43159462c1dbd17c11f3ea1fb3601e7",
                "sha256:93081f9c87fa520447a191152c7d89cf687c5c8e6fef06493ba809e3196ca35e",
                "sha256:54325c7eae22211c0a577b2ca4f10f47b4d352aaff468909209af543a57eb08e",
                "sha256:372de0c373710c3114b10b20580d880b2e0b71f045092278a63aa15412336a7f",
                "sha256:d1cb088a961cf093b73c7b9460fa43a3afff385c1f1bc306fc3b8819819c2d24",
                "sha256:dda7051dad02da2f36be48d68ca500d31fcd8c8fce3986183d48b02637f2f985",
                "sha256:5d5d46ff5465241e6100f0a023e8afcbd75119f598e94c444246bb7f4cbd23f6",
                "sha256:163aefc42424c5ce3a3f9a021d8362445142ab51d4b34face30c9db6c6054687",
                "sha256:13e5a6373168ffad39facbba98d35a8bdbc6248dbaa61c9c9470c39906c1b8f1",
                "sha256:50bd89e62f730614beb7ac85c78d948c470a1bfff4728ff67a178fda7e3c5192",
                "sha256:1a55955329cc8a406458a7eb112c78290c9bc7e2311750ac1d70314a10246a15",
                "sha256:2e779d9da6a3f4f8cd75bb31b5aef9bfdf5dcd415847c4eca8891847108861bc",
                "sha256:202a22be99423d269ff11dec7cdf23b6262b3da17854336d4741699c53ca7ea9",
                "sha256:5c4ad32804abf0d872776f44bf4e4a5181ed37b3de77a87f6d7b2a1d42620cbd",
                "sha256:13ec5a016e588b2e0ec2c46e0091b1b639b0eb6e428c108f0695f2bff1bafae8",
                "sha256:420e91c29fb6c3f920a4d7b74864721f57cfc5ebe4bef980a2de268de3805f10",
                "sha256:ef4945f9c9e32e68669109e2b009becc71f3ca57b9de79b604b820ca8de2b85c",
                "sha256:872c9f47d523489e3fa4a933610bc9fa5fa434a75d9d26dc01df4b433f2f8b98",
                "sha256:a61a7a4286d8fc450a32a148fced8d3ac71fa55afd922a4043e13cb86eb6d797",
                "sha256:52c4bf8871a1e91958a0cb9ec30dbc268298efd0e59660ceebc8277d61b36be2",
                "sha256:9e32fb013ff5b7bd06b1899fe027d46d5b4b2e684ff9159146841bfaaa6b3866",
                "sha256:79226dd2b9fbd63f1b8739b6823bd95b81d502043fd0b81ff8925d55b22f0154",
                "sha256:0da0a0711b8aa3161cf263ced74f736990952e44f1d0183c5248f16a1dc1f133",
                "sha256:5c321ab3b310f0342f5369be7279fcfc0366eb8c8b47bd8fa31b1a3c063b6586",
                "sha256:b3d66246c9b41e495ca02a7c33f6ca415febd06e1e9e1cc5842592881c327987",
                "sha256:9374c9399c1d8479b2b93295abf5997ebaa6d9c5e21a3dc03d1c18b61247cfae",
                "sha256:548ed7232a56b2ab7df3330de8a283bf937d4878dd4ddb57068849f06cb15a2c",
                "sha256:e66a62e84cdea052a17a5e2a896cd79a9a53ec570681f3bc32d012863e02acb0",
                "sha256:736f72be15caad8116891eb6aa4a078b590d231fdc63818c40c21624ac71db96",
                "sha256:ce0cfb8fb7fc1a06c457184df12736687e24a31198058e33d300ece7811602d5",
                "sha256:abdf1911c23dd94dad0095b566e91e5b01d017a0288f5ebdebe1c120bdcb28a0",
                "sha256:f54429d14fe7f4a54db9217bd35641163a58efda72b656793daed601db2bf5f0",
                "sha256:7631fcd0c2db922d4add8193da3a4846d6e305219942ff9ea89d6e701fb8de38",
                "sha256:b1f4b7473d97fbb1b6efe24a8cdd9e37a6d28cd7d8524ea62f782bebe6c25f33",
                "sha256:63b8e868742df9b9987fa86b12a525e0cf672fc8c15dd860fa51c4a00d07c7e0",
                "sha256:14e4dedfd4f0bb0fbb79c1df7b61cf8fcb236f208ee9a3d6ffa83bab1862bb72",
                "sha256:66157afa19e185beb9840117a3227c91168b46a8d72621bef055aa62a8c2b771"
            ],
            "version": "==3.8.0"
        },
        "markdown": {
            "hashes": [
                "sha256:73af797238b95768b3a9b6fe6270e250e5c09d988b8e5b223fd5efa4e06faf81"
            ],
            "version": "==2.6.9"
        },
        "oauthlib": {
            "hashes": [
                "sha256:ce57b501e906ff4f614e71c36a3ab9eacbb96d35c24d1970d2539bbc3ec70ce1"
            ],
            "version": "==2.0.6"
        },
        "pathlib": {
            "hashes": [
                "sha256:6940718dfc3eff4258203ad5021090933e5c04707d5ca8cc9e73c94a7894ea9f"
            ],
            "version": "==1.0.1"
        },
        "pootle": {
            "hashes": [
                "sha256:95d889d2febff11b0848308870bfb72aa032c47203b6feb4fa585305f08be8d9"
            ],
            "version": "==2.8.2"
        },
        "pycountry": {
            "hashes": [
                "sha256:d31321e59a134aac326ac07d4b2595d63f7e7f755bcb503bdecca2bd1b54ff2f"
            ],
            "version": "==17.5.14"
        },
        "python-dateutil": {
            "hashes": [
                "sha256:95511bae634d69bc7329ba55e646499a842bc4ec342ad54a8cdb65645a0aad3c",
                "sha256:891c38b2a02f5bb1be3e4793866c8df49c7d19baabf9c1bad62547e0b4866aca"
            ],
            "version": "==2.6.1"
        },
        "python-levenshtein": {
            "hashes": [
                "sha256:033a11de5e3d19ea25c9302d11224e1a1898fe5abd23c61c7c360c25195e3eb1"
            ],
            "version": "==0.12.0"
        },
        "python3-openid": {
            "hashes": [
                "sha256:0086da6b6ef3161cfe50fb1ee5cceaf2cda1700019fda03c2c5c440ca6abe4fa",
                "sha256:628d365d687e12da12d02c6691170f4451db28d6d68d050007e4a40065868502"
            ],
            "version": "==3.1.0"
        },
        "pytz": {
            "hashes": [
                "sha256:c883c2d6670042c7bc1688645cac73dd2b03193d1f7a6847b6154e96890be06d",
                "sha256:03c9962afe00e503e2d96abab4e8998a0f84d4230fa57afe1e0528473698cdd9",
                "sha256:487e7d50710661116325747a9cd1744d3323f8e49748e287bc9e659060ec6bf9",
                "sha256:43f52d4c6a0be301d53ebd867de05e2926c35728b3260157d274635a0a947f1c",
                "sha256:d1d6729c85acea5423671382868627129432fba9a89ecbb248d8d1c7a9f01c67",
                "sha256:54a935085f7bf101f86b2aff75bd9672b435f51c3339db2ff616e66845f2b8f9",
                "sha256:39504670abb5dae77f56f8eb63823937ce727d7cdd0088e6909e6dcac0f89043",
                "sha256:ddc93b6d41cfb81266a27d23a79e13805d4a5521032b512643af8729041a81b4",
                "sha256:f5c056e8f62d45ba8215e5cb8f50dfccb198b4b9fbea8500674f3443e4689589"
            ],
            "version": "==2017.2"
        },
        "redis": {
            "hashes": [
                "sha256:8a1900a9f2a0a44ecf6e8b5eb3e967a9909dfed219ad66df094f27f7d6f330fb",
                "sha256:a22ca993cea2962dbb588f9f30d0015ac4afcc45bee27d3978c0dbe9e97c6c0f"
            ],
            "version": "==2.10.6"
        },
        "requests": {
            "hashes": [
                "sha256:6a1b267aa90cac58ac3a765d067950e7dbbf75b1da07e895d1f594193a40a38b",
                "sha256:9c443e7324ba5b85070c4a818ade28bfabedf16ea10206da1132edaa6dda237e"
            ],
            "version": "==2.18.4"
        },
        "requests-oauthlib": {
            "hashes": [
                "sha256:50a8ae2ce8273e384895972b56193c7409601a66d4975774c60c2aed869639ca",
                "sha256:883ac416757eada6d3d07054ec7092ac21c7f35cb1d2cf82faf205637081f468"
            ],
            "version": "==0.8.0"
        },
        "rq": {
            "hashes": [
                "sha256:7500b643ee4aa817c38f11964b85dd716f3a11b04409c5290f80fcd2847b6231",
                "sha256:1d93356c1c3073b543506cc3662f50744af8e28848eb65dffb06e0c2628b89f6"
            ],
            "version": "==0.8.2"
        },
        "scandir": {
            "hashes": [
                "sha256:c2612d1a487d80fb4701b4a91ca1b8f8a695b1ae820570815e85e8c8b23f1283"
            ],
            "version": "==1.5"
        },
        "selenium": {
            "hashes": [
                "sha256:5acb9cdbc2d1a7fbb3e16a8ce9246211cc371f0367ad9c6bc2273cca60a6b045",
                "sha256:9abd2dbd4a5e9b778483ce7e5adf1ea9364fcbc29da488e979213c825a1515d3"
            ],
            "version": "==3.8.1"
        },
        "six": {
            "hashes": [
                "sha256:832dc0e10feb1aa2c68dcc57dbb658f1c7e65b9b61af69048abc87a2db00a0eb",
                "sha256:70e8a77beed4562e7f14fe23a786b54f6296e34344c23bc42f07b15018ff98e9"
            ],
            "version": "==1.11.0"
        },
        "stemming": {
            "hashes": [
                "sha256:6a1153547d9a67b8dd523ce83972716da3ee07d6043b0e92154ddc1fffb28c16",
                "sha256:59678702e1d06caffecee82910f048edf12ad89dcf430776b4b05bfb8850bc51",
                "sha256:3a812fbe64a8c74e95651f5a48bae3a7a47282aa58cd5a61f3384e73674ac23d"
            ],
            "version": "==1.0.1"
        },
        "text-unidecode": {
            "hashes": [
                "sha256:02efd86b9c0f489f858d8cead62e94d3760dab444054b258734716f7602330a3",
                "sha256:d0afd5e8a7ac69bfb1372e1bbfa3c63c22e3db8ae1284690e96b45c4430d08d0"
            ],
            "version": "==1.1"
        },
        "tqdm": {
            "hashes": [
                "sha256:4c041f8019f7be65b8028ddde9a836f7ccc51c4637f1ff2ba9b5813d38d19d5a",
                "sha256:df32e6f127dc0ccbc675eadb33f749abbcb8f174c5cb9ec49c0cdb73aa737377"
            ],
            "version": "==4.19.5"
        },
        "translate-toolkit": {
            "hashes": [
                "sha256:acaadb70c386795b3ea15605ddf57da6e29fae58a026b18988c04f44e2f58415"
            ],
            "version": "==2.2.5"
        },
        "urllib3": {
            "hashes": [
                "sha256:06330f386d6e4b195fbfc736b297f58c5a892e4440e54d294d7004e3a9bbea1b",
                "sha256:cc44da8e1145637334317feebd728bd869a35285b93cbb4cca2577da7e62db4f"
            ],
            "version": "==1.22"
        },
        "webassets": {
            "hashes": [
                "sha256:e7d9c8887343123fd5b32309b33167428cb1318cdda97ece12d0907fd69d38db"
            ],
            "version": "==0.12.1"
        },
        "webencodings": {
            "hashes": [
                "sha256:a0af1213f3c2226497a97e2b3aa01a7e4bee4f403f95be16fc9acd2947514a78",
                "sha256:b36a1c245f2d304965eb4e0a82848379241dc04b865afcc4aab16748587e1923"
            ],
            "version": "==0.5.1"
        }
    },
    "develop": {}
}
